
Microsoft Visual Studio Solution File, Format Version 12.00
# Visual Studio Version 17
VisualStudioVersion = 17.14.36203.30 d17.14
MinimumVisualStudioVersion = 10.0.40219.1
Project("{FAE04EC0-301F-11D3-BF4B-00C04F79EFBC}") = "task-management-app-backend", "task-management-app-backend\task-management-app-backend.csproj", "{441F135B-3D4D-48F2-894D-3A2C13FCB1B9}"
EndProject
Global
	GlobalSection(SolutionConfigurationPlatforms) = preSolution
		Debug|Any CPU = Debug|Any CPU
		Release|Any CPU = Release|Any CPU
	EndGlobalSection
	GlobalSection(ProjectConfigurationPlatforms) = postSolution
		{441F135B-3D4D-48F2-894D-3A2C13FCB1B9}.Debug|Any CPU.ActiveCfg = Debug|Any CPU
		{441F135B-3D4D-48F2-894D-3A2C13FCB1B9}.Debug|Any CPU.Build.0 = Debug|Any CPU
		{441F135B-3D4D-48F2-894D-3A2C13FCB1B9}.Release|Any CPU.ActiveCfg = Release|Any CPU
		{441F135B-3D4D-48F2-894D-3A2C13FCB1B9}.Release|Any CPU.Build.0 = Release|Any CPU
	EndGlobalSection
	GlobalSection(SolutionProperties) = preSolution
		HideSolutionNode = FALSE
	EndGlobalSection
	GlobalSection(ExtensibilityGlobals) = postSolution
		SolutionGuid = {7791B7D4-AE30-481E-ACB5-D2A8AD87E5AD}
	EndGlobalSection
EndGlobal
